// !$*UTF8*$!
{
	archiveVersion = 1;
	classes = {
	};
	objectVersion = 50;
	objects = {

/* Begin PBXBuildFile section */
		18A97C98212AEB5C00A6A033 /* AppDelegate.m in Sources */ = {isa = PBXBuildFile; fileRef = 18A97C97212AEB5C00A6A033 /* AppDelegate.m */; };
		18A97C9B212AEB5C00A6A033 /* ViewController.m in Sources */ = {isa = PBXBuildFile; fileRef = 18A97C9A212AEB5C00A6A033 /* ViewController.m */; };
		18A97C9E212AEB5C00A6A033 /* Main.storyboard in Resources */ = {isa = PBXBuildFile; fileRef = 18A97C9C212AEB5C00A6A033 /* Main.storyboard */; };
		18A97CA0212AEB5D00A6A033 /* Assets.xcassets in Resources */ = {isa = PBXBuildFile; fileRef = 18A97C9F212AEB5D00A6A033 /* Assets.xcassets */; };
		18A97CA3212AEB5D00A6A033 /* LaunchScreen.storyboard in Resources */ = {isa = PBXBuildFile; fileRef = 18A97CA1212AEB5D00A6A033 /* LaunchScreen.storyboard */; };
		18A97CA6212AEB5E00A6A033 /* main.m in Sources */ = {isa = PBXBuildFile; fileRef = 18A97CA5212AEB5E00A6A033 /* main.m */; };
/* End PBXBuildFile section */

/* Begin PBXFileReference section */
		18A97C93212AEB5C00A6A033 /* XiMaLaShi.app */ = {isa = PBXFileReference; explicitFileType = wrapper.application; includeInIndex = 0; path = XiMaLaShi.app; sourceTree = BUILT_PRODUCTS_DIR; };
		18A97C96212AEB5C00A6A033 /* AppDelegate.h */ = {isa = PBXFileReference; lastKnownFileType = sourcecode.c.h; path = AppDelegate.h; sourceTree = "<group>"; };
		18A97C97212AEB5C00A6A033 /* AppDelegate.m */ = {isa = PBXFileReference; lastKnownFileType = sourcecode.c.objc; path = AppDelegate.m; sourceTree = "<group>"; };
		18A97C99212AEB5C00A6A033 /* ViewController.h */ = {isa = PBXFileReference; lastKnownFileType = sourcecode.c.h; path = ViewController.h; sourceTree = "<group>"; };
		18A97C9A212AEB5C00A6A033 /* ViewController.m */ = {isa = PBXFileReference; lastKnownFileType = sourcecode.c.objc; path = ViewController.m; sourceTree = "<group>"; };
		18A97C9D212AEB5C00A6A033 /* Base */ = {isa = PBXFileReference; lastKnownFileType = file.storyboard; name = Base; path = Base.lproj/Main.storyboard; sourceTree = "<group>"; };
		18A97C9F212AEB5D00A6A033 /* Assets.xcassets */ = {isa = PBXFileReference; lastKnownFileType = folder.assetcatalog; path = Assets.xcassets; sourceTree = "<group>"; };
		18A97CA2212AEB5D00A6A033 /* Base */ = {isa = PBXFileReference; lastKnownFileType = file.storyboard; name = Base; path = Base.lproj/LaunchScreen.storyboard; sourceTree = "<group>"; };
		18A97CA4212AEB5E00A6A033 /* Info.plist */ = {isa = PBXFileReference; lastKnownFileType = text.plist.xml; path = Info.plist; sourceTree = "<group>"; };
		18A97CA5212AEB5E00A6A033 /* main.m */ = {isa = PBXFileReference; lastKnownFileType = sourcecode.c.objc; path = main.m; sourceTree = "<group>"; };
/* End PBXFileReference section */

/* Begin PBXFrameworksBuildPhase section */
		18A97C90212AEB5C00A6A033 /* Frameworks */ = {
			isa = PBXFrameworksBuildPhase;
			buildActionMask = 2147483647;
			files = (
			);
			runOnlyForDeploymentPostprocessing = 0;
		};
/* End PBXFrameworksBuildPhase section */

/* Begin PBXGroup section */
		18A97C8A212AEB5C00A6A033 = {
			isa = PBXGroup;
			children = (
				18A97C95212AEB5C00A6A033 /* XiMaLaShi */,
				18A97C94212AEB5C00A6A033 /* Products */,
			);
			sourceTree = "<group>";
		};
		18A97C94212AEB5C00A6A033 /* Products */ = {
			isa = PBXGroup;
			children = (
				18A97C93212AEB5C00A6A033 /* XiMaLaShi.app */,
			);
			name = Products;
			sourceTree = "<group>";
		};
		18A97C95212AEB5C00A6A033 /* XiMaLaShi */ = {
			isa = PBXGroup;
			children = (
				18A97C96212AEB5C00A6A033 /* AppDelegate.h */,
				18A97C97212AEB5C00A6A033 /* AppDelegate.m */,
				18A97C99212AEB5C00A6A033 /* ViewController.h */,
				18A97C9A212AEB5C00A6A033 /* ViewController.m */,
				18A97C9C212AEB5C00A6A033 /* Main.storyboard */,
				18A97C9F212AEB5D00A6A033 /* Assets.xcassets */,
				18A97CA1212AEB5D00A6A033 /* LaunchScreen.storyboard */,
				18A97CA4212AEB5E00A6A033 /* Info.plist */,
				18A97CA5212AEB5E00A6A033 /* main.m */,
			);
			path = XiMaLaShi;
			sourceTree = "<group>";
		};
/* End PBXGroup section */

/* Begin PBXNativeTarget section */
		18A97C92212AEB5C00A6A033 /* XiMaLaShi */ = {
			isa = PBXNativeTarget;
			buildConfigurationList = 18A97CA9212AEB5E00A6A033 /* Build configuration list for PBXNativeTarget "XiMaLaShi" */;
			buildPhases = (
				18A97C8F212AEB5C00A6A033 /* Sources */,
				18A97C90212AEB5C00A6A033 /* Frameworks */,
				18A97C91212AEB5C00A6A033 /* Resources */,
			);
			buildRules = (
			);
			dependencies = (
			);
			name = XiMaLaShi;
			productName = XiMaLaShi;
			productReference = 18A97C93212AEB5C00A6A033 /* XiMaLaShi.app */;
			productType = "com.apple.product-type.application";
		};
/* End PBXNativeTarget section */

/* Begin PBXProject section */
		18A97C8B212AEB5C00A6A033 /* Project object */ = {
			isa = PBXProject;
			attributes = {
				LastUpgradeCheck = 0940;
				ORGANIZATIONNAME = "王红庆";
				TargetAttributes = {
					18A97C92212AEB5C00A6A033 = {
						CreatedOnToolsVersion = 9.4.1;
					};
				};
			};
			buildConfigurationList = 18A97C8E212AEB5C00A6A033 /* Build configuration list for PBXProject "XiMaLaShi" */;
			compatibilityVersion = "Xcode 9.3";
			developmentRegion = en;
			hasScannedForEncodings = 0;
			knownRegions = (
				en,
				Base,
			);
			mainGroup = 18A97C8A212AEB5C00A6A033;
			productRefGroup = 18A97C94212AEB5C00A6A033 /* Products */;
			projectDirPath = "";
			projectRoot = "";
			targets = (
				18A97C92212AEB5C00A6A033 /* XiMaLaShi */,
			);
		};
/* End PBXProject section */

/* Begin PBXResourcesBuildPhase section */
		18A97C91212AEB5C00A6A033 /* Resources */ = {
			isa = PBXResourcesBuildPhase;
			buildActionMask = 2147483647;
			files = (
				18A97CA3212AEB5D00A6A033 /* LaunchScreen.storyboard in Resources */,
				18A97CA0212AEB5D00A6A033 /* Assets.xcassets in Resources */,
				18A97C9E212AEB5C00A6A033 /* Main.storyboard in Resources */,
			);
			runOnlyForDeploymentPostprocessing = 0;
		};
/* End PBXResourcesBuildPhase section */

/* Begin PBXSourcesBuildPhase section */
		18A97C8F212AEB5C00A6A033 /* Sources */ = {
			isa = PBXSourcesBuildPhase;
			buildActionMask = 2147483647;
			files = (
				18A97C9B212AEB5C00A6A033 /* ViewController.m in Sources */,
				18A97CA6212AEB5E00A6A033 /* main.m in Sources */,
				18A97C98212AEB5C00A6A033 /* AppDelegate.m in Sources */,
			);
			runOnlyForDeploymentPostprocessing = 0;
		};
/* End PBXSourcesBuildPhase section */

/* Begin PBXVariantGroup section */
		18A97C9C212AEB5C00A6A033 /* Main.storyboard */ = {
			isa = PBXVariantGroup;
			children = (
				18A97C9D212AEB5C00A6A033 /* Base */,
			);
			name = Main.storyboard;
			sourceTree = "<group>";
		};
		18A97CA1212AEB5D00A6A033 /* LaunchScreen.storyboard */ = {
			isa = PBXVariantGroup;
			children = (
				18A97CA2212AEB5D00A6A033 /* Base */,
			);
			name = LaunchScreen.storyboard;
			sourceTree = "<group>";
		};
/* End PBXVariantGroup section */

/* Begin XCBuildConfiguration section */
		18A97CA7212AEB5E00A6A033 /* Debug */ = {
			isa = XCBuildConfiguration;
			buildSettings = {
				ALWAYS_SEARCH_USER_PATHS = NO;
				CLANG_ANALYZER_NONNULL = YES;
				CLANG_ANALYZER_NUMBER_OBJECT_CONVERSION = YES_AGGRESSIVE;
				CLANG_CXX_LANGUAGE_STANDARD = "gnu++14";
				CLANG_CXX_LIBRARY = "libc++";
				CLANG_ENABLE_MODULES = YES;
				CLANG_ENABLE_OBJC_ARC = YES;
				CLANG_ENABLE_OBJC_WEAK = YES;
				CLANG_WARN_BLOCK_CAPTURE_AUTORELEASING = YES;
				CLANG_WARN_BOOL_CONVERSION = YES;
				CLANG_WARN_COMMA = YES;
				CLANG_WARN_CONSTANT_CONVERSION = YES;
				CLANG_WARN_DEPRECATED_OBJC_IMPLEMENTATIONS = YES;
				CLANG_WARN_DIRECT_OBJC_ISA_USAGE = YES_ERROR;
				CLANG_WARN_DOCUMENTATION_COMMENTS = YES;
				CLANG_WARN_EMPTY_BODY = YES;
				CLANG_WARN_ENUM_CONVERSION = YES;
				CLANG_WARN_INFINITE_RECURSION = YES;
				CLANG_WARN_INT_CONVERSION = YES;
				CLANG_WARN_NON_LITERAL_NULL_CONVERSION = YES;
				CLANG_WARN_OBJC_IMPLICIT_RETAIN_SELF = YES;
				CLANG_WARN_OBJC_LITERAL_CONVERSION = YES;
				CLANG_WARN_OBJC_ROOT_CLASS = YES_ERROR;
				CLANG_WARN_RANGE_LOOP_ANALYSIS = YES;
				CLANG_WARN_STRICT_PROTOTYPES = YES;
				CLANG_WARN_SUSPICIOUS_MOVE = YES;
				CLANG_WARN_UNGUARDED_AVAILABILITY = YES_AGGRESSIVE;
				CLANG_WARN_UNREACHABLE_CODE = YES;
				CLANG_WARN__DUPLICATE_METHOD_MATCH = YES;
				CODE_SIGN_IDENTITY = "iPhone Developer";
				COPY_PHASE_STRIP = NO;
				DEBUG_INFORMATION_FORMAT = dwarf;
				ENABLE_STRICT_OBJC_MSGSEND = YES;
				ENABLE_TESTABILITY = YES;
				GCC_C_LANGUAGE_STANDARD = gnu11;
				GCC_DYNAMIC_NO_PIC = NO;
				GCC_NO_COMMON_BLOCKS = YES;
				GCC_OPTIMIZATION_LEVEL = 0;
				GCC_PREPROCESSOR_DEFINITIONS = (
					"DEBUG=1",
					"$(inherited)",
				);
				GCC_WARN_64_TO_32_BIT_CONVERSION = YES;
				GCC_WARN_ABOUT_RETURN_TYPE = YES_ERROR;
				GCC_WARN_UNDECLARED_SELECTOR = YES;
				GCC_WARN_UNINITIALIZED_AUTOS = YES_AGGRESSIVE;
				GCC_WARN_UNUSED_FUNCTION = YES;
				GCC_WARN_UNUSED_VARIABLE = YES;
				IPHONEOS_DEPLOYMENT_TARGET = 11.4;
				MTL_ENABLE_DEBUG_INFO = YES;
				ONLY_ACTIVE_ARCH = YES;
				SDKROOT = iphoneos;
			};
			name = Debug;
		};
		18A97CA8212AEB5E00A6A033 /* Release */ = {
			isa = XCBuildConfiguration;
			buildSettings = {
				ALWAYS_SEARCH_USER_PATHS = NO;
				CLANG_ANALYZER_NONNULL = YES;
				CLANG_ANALYZER_NUMBER_OBJECT_CONVERSION = YES_AGGRESSIVE;
				CLANG_CXX_LANGUAGE_STANDARD = "gnu++14";
				CLANG_CXX_LIBRARY = "libc++";
				CLANG_ENABLE_MODULES = YES;
				CLANG_ENABLE_OBJC_ARC = YES;
				CLANG_ENABLE_OBJC_WEAK = YES;
				CLANG_WARN_BLOCK_CAPTURE_AUTORELEASING = YES;
				CLANG_WARN_BOOL_CONVERSION = YES;
				CLANG_WARN_COMMA = YES;
				CLANG_WARN_CONSTANT_CONVERSION = YES;
				CLANG_WARN_DEPRECATED_OBJC_IMPLEMENTATIONS = YES;
				CLANG_WARN_DIRECT_OBJC_ISA_USAGE = YES_ERROR;
				CLANG_WARN_DOCUMENTATION_COMMENTS = YES;
				CLANG_WARN_EMPTY_BODY = YES;
				CLANG_WARN_ENUM_CONVERSION = YES;
				CLANG_WARN_INFINITE_RECURSION = YES;
				CLANG_WARN_INT_CONVERSION = YES;
				CLANG_WARN_NON_LITERAL_NULL_CONVERSION = YES;
				CLANG_WARN_OBJC_IMPLICIT_RETAIN_SELF = YES;
				CLANG_WARN_OBJC_LITERAL_CONVERSION = YES;
				CLANG_WARN_OBJC_ROOT_CLASS = YES_ERROR;
				CLANG_WARN_RANGE_LOOP_ANALYSIS = YES;
				CLANG_WARN_STRICT_PROTOTYPES = YES;
				CLANG_WARN_SUSPICIOUS_MOVE = YES;
				CLANG_WARN_UNGUARDED_AVAILABILITY = YES_AGGRESSIVE;
				CLANG_WARN_UNREACHABLE_CODE = YES;
				CLANG_WARN__DUPLICATE_METHOD_MATCH = YES;
				CODE_SIGN_IDENTITY = "iPhone Developer";
				COPY_PHASE_STRIP = NO;
				DEBUG_INFORMATION_FORMAT = "dwarf-with-dsym";
				ENABLE_NS_ASSERTIONS = NO;
				ENABLE_STRICT_OBJC_MSGSEND = YES;
				GCC_C_LANGUAGE_STANDARD = gnu11;
				GCC_NO_COMMON_BLOCKS = YES;
				GCC_WARN_64_TO_32_BIT_CONVERSION = YES;
				GCC_WARN_ABOUT_RETURN_TYPE = YES_ERROR;
				GCC_WARN_UNDECLARED_SELECTOR = YES;
				GCC_WARN_UNINITIALIZED_AUTOS = YES_AGGRESSIVE;
				GCC_WARN_UNUSED_FUNCTION = YES;
				GCC_WARN_UNUSED_VARIABLE = YES;
				IPHONEOS_DEPLOYMENT_TARGET = 11.4;
				MTL_ENABLE_DEBUG_INFO = NO;
				SDKROOT = iphoneos;
				VALIDATE_PRODUCT = YES;
			};
			name = Release;
		};
		18A97CAA212AEB5E00A6A033 /* Debug */ = {
			isa = XCBuildConfiguration;
			buildSettings = {
				ASSETCATALOG_COMPILER_APPICON_NAME = AppIcon;
				CODE_SIGN_STYLE = Automatic;
				INFOPLIST_FILE = XiMaLaShi/Info.plist;
				LD_RUNPATH_SEARCH_PATHS = (
					"$(inherited)",
					"@executable_path/Frameworks",
				);
				PRODUCT_BUNDLE_IDENTIFIER = com.HNAGroup.Unicare.XiMaLaShi;
				PRODUCT_NAME = "$(TARGET_NAME)";
				TARGETED_DEVICE_FAMILY = "1,2";
			};
			name = Debug;
		};
		18A97CAB212AEB5E00A6A033 /* Release */ = {
			isa = XCBuildConfiguration;
			buildSettings = {
				ASSETCATALOG_COMPILER_APPICON_NAME = AppIcon;
				CODE_SIGN_STYLE = Automatic;
				INFOPLIST_FILE = XiMaLaShi/Info.plist;
				LD_RUNPATH_SEARCH_PATHS = (
					"$(inherited)",
					"@executable_path/Frameworks",
				);
				PRODUCT_BUNDLE_IDENTIFIER = com.HNAGroup.Unicare.XiMaLaShi;
				PRODUCT_NAME = "$(TARGET_NAME)";
				TARGETED_DEVICE_FAMILY = "1,2";
			};
			name = Release;
		};
/* End XCBuildConfiguration section */

/* Begin XCConfigurationList section */
		18A97C8E212AEB5C00A6A033 /* Build configuration list for PBXProject "XiMaLaShi" */ = {
			isa = XCConfigurationList;
			buildConfigurations = (
				18A97CA7212AEB5E00A6A033 /* Debug */,
				18A97CA8212AEB5E00A6A033 /* Release */,
			);
			defaultConfigurationIsVisible = 0;
			defaultConfigurationName = Release;
		};
		18A97CA9212AEB5E00A6A033 /* Build configuration list for PBXNativeTarget "XiMaLaShi" */ = {
			isa = XCConfigurationList;
			buildConfigurations = (
				18A97CAA212AEB5E00A6A033 /* Debug */,
				18A97CAB212AEB5E00A6A033 /* Release */,
			);
			defaultConfigurationIsVisible = 0;
			defaultConfigurationName = Release;
		};
/* End XCConfigurationList section */
	};
	rootObject = 18A97C8B212AEB5C00A6A033 /* Project object */;
}
